# This file is automatically @generated by Poetry 1.8.3 and should not be changed by hand.

[[package]]
name = "cmake"
version = "3.30.2"
description = "CMake is an open-source, cross-platform family of tools designed to build, test and package software"
optional = false
python-versions = ">=3.7"
files = [
    {file = "cmake-3.30.2-py3-none-macosx_11_0_universal2.macosx_10_10_x86_64.macosx_11_0_arm64.whl", hash = "sha256:e706eded76e0e8b09d2cf09cbab0a930f6550084a85950982b7c53f6a79a0451"},
    {file = "cmake-3.30.2-py3-none-manylinux_2_12_i686.manylinux2010_i686.whl", hash = "sha256:48e0998068d785d3b78cc60a7e3d38fd71cfb942ce0a72ee046de38ec2bd6523"},
    {file = "cmake-3.30.2-py3-none-manylinux_2_12_x86_64.manylinux2010_x86_64.whl", hash = "sha256:709568c04f60f6dbee846a997a774ae28e12e809b4cbb12b6cd00767c111ede0"},
    {file = "cmake-3.30.2-py3-none-manylinux_2_17_aarch64.manylinux2014_aarch64.whl", hash = "sha256:8d0b29a92cf31c54ab21040e84a78420abbf59cdd73c30d05e0e70229b2e9348"},
    {file = "cmake-3.30.2-py3-none-manylinux_2_17_i686.manylinux2014_i686.whl", hash = "sha256:6021b64ec6ddf43ff5887e510f897468a281f1822feedf48edf86926288a48a7"},
    {file = "cmake-3.30.2-py3-none-manylinux_2_17_ppc64le.manylinux2014_ppc64le.whl", hash = "sha256:27f9f8b8a442d489cf4ae5dae1e475430979e9fcfbaef5fd0810aac4206548a9"},
    {file = "cmake-3.30.2-py3-none-manylinux_2_17_s390x.manylinux2014_s390x.whl", hash = "sha256:fe4f48bb96fadef92697ccaeb98b22ff36b3add80e45ce48e0c67462846fd242"},
    {file = "cmake-3.30.2-py3-none-manylinux_2_17_x86_64.manylinux2014_x86_64.whl", hash = "sha256:9beca135489d56a89cf54cf3d324bcf8dd6c50cc9bdb76b9a97e8540935797b2"},
    {file = "cmake-3.30.2-py3-none-musllinux_1_1_aarch64.whl", hash = "sha256:02657456811a8dd95d07728e0878ee6e09d0466de84319513af99490beefe753"},
    {file = "cmake-3.30.2-py3-none-musllinux_1_1_i686.whl", hash = "sha256:ee421b9531279b88e54c4bd3ff41c538d1f563e75b1340a8eb2569c38949d230"},
    {file = "cmake-3.30.2-py3-none-musllinux_1_1_ppc64le.whl", hash = "sha256:806d3295c75ae4f9bd53100b4cdd17c00b41e1606a6cff6faf1f599fdace7d71"},
    {file = "cmake-3.30.2-py3-none-musllinux_1_1_s390x.whl", hash = "sha256:b58b658f3ea47b1b6deb8fab817bf68a9c7f00fde514ad344b9cef16d684206a"},
    {file = "cmake-3.30.2-py3-none-musllinux_1_1_x86_64.whl", hash = "sha256:fef0b8a18a6376ff430e86bedcccb4018b344295a17584aaebf1b7339c92f505"},
    {file = "cmake-3.30.2-py3-none-win32.whl", hash = "sha256:977acfb5256e29bc9e14004a2350a7f8bb6a2c5d42ad74183fb64275b99af2fa"},
    {file = "cmake-3.30.2-py3-none-win_amd64.whl", hash = "sha256:894214560a6d70af6e88d8506f41f6911c31757a7799eced3322ca1fc4c76e4a"},
    {file = "cmake-3.30.2-py3-none-win_arm64.whl", hash = "sha256:33e6ce72a4865b25f7f61e40e634382a7cfbe494785ce3c0aa94475b5e0f9252"},
    {file = "cmake-3.30.2.tar.gz", hash = "sha256:54dba98c12c6b77bd86b452b71c7f7f3b04027081f3451e18cdf2d926e4695e5"},
]

[package.extras]
test = ["coverage (>=4.2)", "pytest (>=3.0.3)", "pytest-cov (>=2.4.0)"]

[metadata]
lock-version = "2.0"
python-versions = "^3.10"
content-hash = "f5a830cb59969e6f782480fab400718a5a2b5d001b3aff96882f4ebce9e41985"
